
Microsoft Visual Studio Solution File, Format Version 12.00
# Visual Studio Version 16
VisualStudioVersion = 16.0.30907.101
MinimumVisualStudioVersion = 10.0.40219.1
Project("{9A19103F-16F7-4668-BE54-9A1E7A4F7556}") = "VogCodeChallenge.API", "VogCodeChallenge.API\VogCodeChallenge.API.csproj", "{8842DDA4-5E82-4329-83EB-FE8F7F798B06}"
EndProject
Project("{9A19103F-16F7-4668-BE54-9A1E7A4F7556}") = "VogCodeChallenge.API.Models", "VogCodeChallenge.API.Models\VogCodeChallenge.API.Models.csproj", "{B0A76494-D794-4223-A241-7485DF2CFB82}"
EndProject
Project("{E53339B2-1760-4266-BCC7-CA923CBCF16C}") = "docker-compose", "docker-compose.dcproj", "{56FFB3A0-5110-4929-A402-A9C2F06F4EF5}"
EndProject
Project("{FAE04EC0-301F-11D3-BF4B-00C04F79EFBC}") = "VogCodeChallenge.QuestionClass", "..\VogCodeChallenge.QuestionClass\VogCodeChallenge.QuestionClass.csproj", "{A1F3FD54-2499-40F9-B86F-BB97DF6AA160}"
EndProject
Global
	GlobalSection(SolutionConfigurationPlatforms) = preSolution
		Debug|Any CPU = Debug|Any CPU
		Release|Any CPU = Release|Any CPU
	EndGlobalSection
	GlobalSection(ProjectConfigurationPlatforms) = postSolution
		{8842DDA4-5E82-4329-83EB-FE8F7F798B06}.Debug|Any CPU.ActiveCfg = Debug|Any CPU
		{8842DDA4-5E82-4329-83EB-FE8F7F798B06}.Debug|Any CPU.Build.0 = Debug|Any CPU
		{8842DDA4-5E82-4329-83EB-FE8F7F798B06}.Release|Any CPU.ActiveCfg = Release|Any CPU
		{8842DDA4-5E82-4329-83EB-FE8F7F798B06}.Release|Any CPU.Build.0 = Release|Any CPU
		{B0A76494-D794-4223-A241-7485DF2CFB82}.Debug|Any CPU.ActiveCfg = Debug|Any CPU
		{B0A76494-D794-4223-A241-7485DF2CFB82}.Debug|Any CPU.Build.0 = Debug|Any CPU
		{B0A76494-D794-4223-A241-7485DF2CFB82}.Release|Any CPU.ActiveCfg = Release|Any CPU
		{B0A76494-D794-4223-A241-7485DF2CFB82}.Release|Any CPU.Build.0 = Release|Any CPU
		{56FFB3A0-5110-4929-A402-A9C2F06F4EF5}.Debug|Any CPU.ActiveCfg = Debug|Any CPU
		{56FFB3A0-5110-4929-A402-A9C2F06F4EF5}.Debug|Any CPU.Build.0 = Debug|Any CPU
		{56FFB3A0-5110-4929-A402-A9C2F06F4EF5}.Release|Any CPU.ActiveCfg = Release|Any CPU
		{56FFB3A0-5110-4929-A402-A9C2F06F4EF5}.Release|Any CPU.Build.0 = Release|Any CPU
		{A1F3FD54-2499-40F9-B86F-BB97DF6AA160}.Debug|Any CPU.ActiveCfg = Debug|Any CPU
		{A1F3FD54-2499-40F9-B86F-BB97DF6AA160}.Debug|Any CPU.Build.0 = Debug|Any CPU
		{A1F3FD54-2499-40F9-B86F-BB97DF6AA160}.Release|Any CPU.ActiveCfg = Release|Any CPU
		{A1F3FD54-2499-40F9-B86F-BB97DF6AA160}.Release|Any CPU.Build.0 = Release|Any CPU
	EndGlobalSection
	GlobalSection(SolutionProperties) = preSolution
		HideSolutionNode = FALSE
	EndGlobalSection
	GlobalSection(ExtensibilityGlobals) = postSolution
		SolutionGuid = {DBDA2470-D4A6-48BB-AB18-2C8B5D33AA96}
	EndGlobalSection
EndGlobal
